<Solution>
  <Project Path="01_OlaUsuario/Exercicio01.csproj" />
  <Project Path="02_IdadeFutura/Exercicio02.csproj" />
  <Project Path="03_ConversorTemperatura/Exercicio03.csproj" />
  <Project Path="04_MediaNotas/Exercicio04.csproj" />
  <Project Path="05_TrocaValores/Exercicio05.csproj" />
  <Project Path="06_ImcMatematico/Exercicio06.csproj" />
  <Project Path="07_SegundosHorario/Exercicio07.csproj" />
  <Project Path="08_Dinheiro/Exercicio08.csproj" />
  <Project Path="09_DivisaoSegura/Exercicio09.csproj" />
  <Project Path="10_BitABit/Exercicio10.csproj" />
  <Project Path="11_ParImpar/Exercicio11.csproj" />
  <Project Path="12_CasasNumero/Exercicio12.csproj" />
  <Project Path="13_ClassificadorNumero/Exercicio13.csproj" />
  <Project Path="14_MaiorMenorTres/Exercicio14.csproj" />
  <Project Path="15_CalculadoraMenu/Exercicio15.csproj" />
  <Project Path="16_AnoBissexto/Exercicio16.csproj" />
  <Project Path="17_PrecoFaixa/Exercicio17.csproj" />
  <Project Path="18_Tabuada/Exercicio18.csproj" />
  <Project Path="19_Somatorio/Exercicio19.csproj" />
  <Project Path="20_Fatorial/Exercicio20.csproj" />
  <Project Path="21_ContagemRegressiva/Exercicio21.csproj" />
  <Project Path="22_NumerosPrimos/Exercicio22.csproj" />
  <Project Path="23_MdcMmc/Exercicio23.csproj" />
  <Project Path="24_Fibonacci/Exercicio24.csproj" />
  <Project Path="25_Adivinhacao/Exercicio25.csproj" />
  <Project Path="26_MenuPersistente/Exercicio26.csproj" />
  <Project Path="27_PadroesLoops/Exercicio27.csproj" />
  <Project Path="28_CaixaEletronico/Exercicio28.csproj" />
</Solution>
